
Microsoft Visual Studio Solution File, Format Version 12.00
# Visual Studio 15
VisualStudioVersion = 15.0.34829.251
MinimumVisualStudioVersion = 10.0.40219.1
Project("{FAE04EC0-301F-11D3-BF4B-00C04F79EFBC}") = "Universite GANO Hesaplama", "Universite GANO Hesaplama\Universite GANO Hesaplama.csproj", "{FE3001C2-D88C-45DD-9FFF-72169BEDDA9A}"
EndProject
Global
	GlobalSection(SolutionConfigurationPlatforms) = preSolution
		Debug|Any CPU = Debug|Any CPU
		Release|Any CPU = Release|Any CPU
	EndGlobalSection
	GlobalSection(ProjectConfigurationPlatforms) = postSolution
		{FE3001C2-D88C-45DD-9FFF-72169BEDDA9A}.Debug|Any CPU.ActiveCfg = Debug|Any CPU
		{FE3001C2-D88C-45DD-9FFF-72169BEDDA9A}.Debug|Any CPU.Build.0 = Debug|Any CPU
		{FE3001C2-D88C-45DD-9FFF-72169BEDDA9A}.Release|Any CPU.ActiveCfg = Release|Any CPU
		{FE3001C2-D88C-45DD-9FFF-72169BEDDA9A}.Release|Any CPU.Build.0 = Release|Any CPU
	EndGlobalSection
	GlobalSection(SolutionProperties) = preSolution
		HideSolutionNode = FALSE
	EndGlobalSection
	GlobalSection(ExtensibilityGlobals) = postSolution
		SolutionGuid = {E9FB2595-A97B-43DB-98D8-4A56CCA23A2F}
	EndGlobalSection
EndGlobal
